
Microsoft Visual Studio Solution File, Format Version 12.00
# Visual Studio Version 16
VisualStudioVersion = 16.0.31129.286
MinimumVisualStudioVersion = 10.0.40219.1
Project("{FAE04EC0-301F-11D3-BF4B-00C04F79EFBC}") = "ContosoUniversity", "ContosoUniversity\ContosoUniversity.csproj", "{C5CE4359-F44A-4032-A000-38FD6098038A}"
EndProject
Global
	GlobalSection(SolutionConfigurationPlatforms) = preSolution
		Debug|Any CPU = Debug|Any CPU
		Release|Any CPU = Release|Any CPU
	EndGlobalSection
	GlobalSection(ProjectConfigurationPlatforms) = postSolution
		{C5CE4359-F44A-4032-A000-38FD6098038A}.Debug|Any CPU.ActiveCfg = Debug|Any CPU
		{C5CE4359-F44A-4032-A000-38FD6098038A}.Debug|Any CPU.Build.0 = Debug|Any CPU
		{C5CE4359-F44A-4032-A000-38FD6098038A}.Release|Any CPU.ActiveCfg = Release|Any CPU
		{C5CE4359-F44A-4032-A000-38FD6098038A}.Release|Any CPU.Build.0 = Release|Any CPU
	EndGlobalSection
	GlobalSection(SolutionProperties) = preSolution
		HideSolutionNode = FALSE
	EndGlobalSection
	GlobalSection(ExtensibilityGlobals) = postSolution
		SolutionGuid = {5DAF053E-5A35-4BE1-9678-A90FC11E819A}
	EndGlobalSection
EndGlobal
